
Microsoft Visual Studio Solution File, Format Version 12.00
# Visual Studio Version 17
VisualStudioVersion = 17.0.31903.59
MinimumVisualStudioVersion = 10.0.40219.1
Project("{2150E333-8FDC-42A3-9474-1A3956D46DE8}") = "src", "src", "{2551F5F5-5D0B-4313-A5A8-53C6F98A33D9}"
EndProject
Project("{FAE04EC0-301F-11D3-BF4B-00C04F79EFBC}") = "Wc3.MapDocument", "src\Wc3.MapDocument\Wc3.MapDocument.csproj", "{4A9B04A7-27C8-4C67-8DAD-09EB02E35D09}"
EndProject
Project("{2150E333-8FDC-42A3-9474-1A3956D46DE8}") = "tests", "tests", "{F0E68DB7-97AB-48F2-B43F-FE3F40C25F03}"
EndProject
Project("{FAE04EC0-301F-11D3-BF4B-00C04F79EFBC}") = "Wc3.Tests", "tests\Wc3.Tests\Wc3.Tests.csproj", "{B9D25520-A5C1-4884-9C9B-A8688BA2CEBF}"
EndProject
Project("{FAE04EC0-301F-11D3-BF4B-00C04F79EFBC}") = "Wc3.Commands", "src\Wc3.Commands\Wc3.Commands.csproj", "{C058B5CA-4448-4C09-B7F7-67C2D4A9017D}"
EndProject
Project("{FAE04EC0-301F-11D3-BF4B-00C04F79EFBC}") = "wc3ctl", "src\wc3ctl\wc3ctl.csproj", "{2BB5C3DB-7AE9-4682-B38C-179255F7B472}"
EndProject
Project("{FAE04EC0-301F-11D3-BF4B-00C04F79EFBC}") = "Wc3.Mcp", "src\Wc3.Mcp\Wc3.Mcp.csproj", "{BAEEE27C-52C0-455C-812C-B8C7EE0CF87B}"
EndProject
Project("{FAE04EC0-301F-11D3-BF4B-00C04F79EFBC}") = "Wc3.GameData", "src\Wc3.GameData\Wc3.GameData.csproj", "{ABDBB268-EBB3-427E-AEF6-174033586DDB}"
EndProject
Global
	GlobalSection(SolutionConfigurationPlatforms) = preSolution
		Debug|Any CPU = Debug|Any CPU
		Release|Any CPU = Release|Any CPU
	EndGlobalSection
	GlobalSection(SolutionProperties) = preSolution
		HideSolutionNode = FALSE
	EndGlobalSection
	GlobalSection(ProjectConfigurationPlatforms) = postSolution
		{4A9B04A7-27C8-4C67-8DAD-09EB02E35D09}.Debug|Any CPU.ActiveCfg = Debug|Any CPU
		{4A9B04A7-27C8-4C67-8DAD-09EB02E35D09}.Debug|Any CPU.Build.0 = Debug|Any CPU
		{4A9B04A7-27C8-4C67-8DAD-09EB02E35D09}.Release|Any CPU.ActiveCfg = Release|Any CPU
		{4A9B04A7-27C8-4C67-8DAD-09EB02E35D09}.Release|Any CPU.Build.0 = Release|Any CPU
		{B9D25520-A5C1-4884-9C9B-A8688BA2CEBF}.Debug|Any CPU.ActiveCfg = Debug|Any CPU
		{B9D25520-A5C1-4884-9C9B-A8688BA2CEBF}.Debug|Any CPU.Build.0 = Debug|Any CPU
		{B9D25520-A5C1-4884-9C9B-A8688BA2CEBF}.Release|Any CPU.ActiveCfg = Release|Any CPU
		{B9D25520-A5C1-4884-9C9B-A8688BA2CEBF}.Release|Any CPU.Build.0 = Release|Any CPU
		{C058B5CA-4448-4C09-B7F7-67C2D4A9017D}.Debug|Any CPU.ActiveCfg = Debug|Any CPU
		{C058B5CA-4448-4C09-B7F7-67C2D4A9017D}.Debug|Any CPU.Build.0 = Debug|Any CPU
		{C058B5CA-4448-4C09-B7F7-67C2D4A9017D}.Release|Any CPU.ActiveCfg = Release|Any CPU
		{C058B5CA-4448-4C09-B7F7-67C2D4A9017D}.Release|Any CPU.Build.0 = Release|Any CPU
		{2BB5C3DB-7AE9-4682-B38C-179255F7B472}.Debug|Any CPU.ActiveCfg = Debug|Any CPU
		{2BB5C3DB-7AE9-4682-B38C-179255F7B472}.Debug|Any CPU.Build.0 = Debug|Any CPU
		{2BB5C3DB-7AE9-4682-B38C-179255F7B472}.Release|Any CPU.ActiveCfg = Release|Any CPU
		{2BB5C3DB-7AE9-4682-B38C-179255F7B472}.Release|Any CPU.Build.0 = Release|Any CPU
		{BAEEE27C-52C0-455C-812C-B8C7EE0CF87B}.Debug|Any CPU.ActiveCfg = Debug|Any CPU
		{BAEEE27C-52C0-455C-812C-B8C7EE0CF87B}.Debug|Any CPU.Build.0 = Debug|Any CPU
		{BAEEE27C-52C0-455C-812C-B8C7EE0CF87B}.Release|Any CPU.ActiveCfg = Release|Any CPU
		{BAEEE27C-52C0-455C-812C-B8C7EE0CF87B}.Release|Any CPU.Build.0 = Release|Any CPU
		{ABDBB268-EBB3-427E-AEF6-174033586DDB}.Debug|Any CPU.ActiveCfg = Debug|Any CPU
		{ABDBB268-EBB3-427E-AEF6-174033586DDB}.Debug|Any CPU.Build.0 = Debug|Any CPU
		{ABDBB268-EBB3-427E-AEF6-174033586DDB}.Release|Any CPU.ActiveCfg = Release|Any CPU
		{ABDBB268-EBB3-427E-AEF6-174033586DDB}.Release|Any CPU.Build.0 = Release|Any CPU
	EndGlobalSection
	GlobalSection(NestedProjects) = preSolution
		{4A9B04A7-27C8-4C67-8DAD-09EB02E35D09} = {2551F5F5-5D0B-4313-A5A8-53C6F98A33D9}
		{B9D25520-A5C1-4884-9C9B-A8688BA2CEBF} = {F0E68DB7-97AB-48F2-B43F-FE3F40C25F03}
		{C058B5CA-4448-4C09-B7F7-67C2D4A9017D} = {2551F5F5-5D0B-4313-A5A8-53C6F98A33D9}
		{2BB5C3DB-7AE9-4682-B38C-179255F7B472} = {2551F5F5-5D0B-4313-A5A8-53C6F98A33D9}
		{BAEEE27C-52C0-455C-812C-B8C7EE0CF87B} = {2551F5F5-5D0B-4313-A5A8-53C6F98A33D9}
		{ABDBB268-EBB3-427E-AEF6-174033586DDB} = {2551F5F5-5D0B-4313-A5A8-53C6F98A33D9}
	EndGlobalSection
EndGlobal
